
Microsoft Visual Studio Solution File, Format Version 12.00
# Visual Studio Express 2013 for Windows
VisualStudioVersion = 12.0.30501.0
MinimumVisualStudioVersion = 10.0.40219.1
Project("{2150E333-8FDC-42A3-9474-1A3956D46DE8}") = "Chilkat", "Chilkat", "{35EEFB02-513F-4B4F-8CEC-ADC5B068E22F}"
EndProject
Project("{8BC9CEB8-8B4A-11D0-8D11-00A0C91BC942}") = "Chilkat.Shared", "Chilkat\Chilkat.Shared\Chilkat.Shared.vcxitems", "{599707CB-7776-4970-AA42-33DEF7BEAC93}"
EndProject
Project("{8BC9CEB8-8B4A-11D0-8D11-00A0C91BC942}") = "Chilkat.Windows", "Chilkat\Chilkat.Windows\Chilkat.Windows.vcxproj", "{7D69990A-D37E-477D-BD04-362E00AEFC9F}"
EndProject
Project("{8BC9CEB8-8B4A-11D0-8D11-00A0C91BC942}") = "Chilkat.WindowsPhone", "Chilkat\Chilkat.WindowsPhone\Chilkat.WindowsPhone.vcxproj", "{FD4A5659-8328-4000-904B-E50BCB5E08BD}"
EndProject
Global
	GlobalSection(SharedMSBuildProjectFiles) = preSolution
		Chilkat\Chilkat.Shared\Chilkat.Shared.vcxitems*{7d69990a-d37e-477d-bd04-362e00aefc9f}*SharedItemsImports = 4
		Chilkat\Chilkat.Shared\Chilkat.Shared.vcxitems*{fd4a5659-8328-4000-904b-e50bcb5e08bd}*SharedItemsImports = 4
		Chilkat\Chilkat.Shared\Chilkat.Shared.vcxitems*{599707cb-7776-4970-aa42-33def7beac93}*SharedItemsImports = 9
	EndGlobalSection
	GlobalSection(SolutionConfigurationPlatforms) = preSolution
		Debug|ARM = Debug|ARM
		Debug|Win32 = Debug|Win32
		Debug|x64 = Debug|x64
		Release|ARM = Release|ARM
		Release|Win32 = Release|Win32
		Release|x64 = Release|x64
	EndGlobalSection
	GlobalSection(ProjectConfigurationPlatforms) = postSolution
		{7D69990A-D37E-477D-BD04-362E00AEFC9F}.Debug|ARM.ActiveCfg = Debug|ARM
		{7D69990A-D37E-477D-BD04-362E00AEFC9F}.Debug|ARM.Build.0 = Debug|ARM
		{7D69990A-D37E-477D-BD04-362E00AEFC9F}.Debug|Win32.ActiveCfg = Debug|Win32
		{7D69990A-D37E-477D-BD04-362E00AEFC9F}.Debug|Win32.Build.0 = Debug|Win32
		{7D69990A-D37E-477D-BD04-362E00AEFC9F}.Debug|x64.ActiveCfg = Debug|x64
		{7D69990A-D37E-477D-BD04-362E00AEFC9F}.Debug|x64.Build.0 = Debug|x64
		{7D69990A-D37E-477D-BD04-362E00AEFC9F}.Release|ARM.ActiveCfg = Release|ARM
		{7D69990A-D37E-477D-BD04-362E00AEFC9F}.Release|ARM.Build.0 = Release|ARM
		{7D69990A-D37E-477D-BD04-362E00AEFC9F}.Release|Win32.ActiveCfg = Release|Win32
		{7D69990A-D37E-477D-BD04-362E00AEFC9F}.Release|Win32.Build.0 = Release|Win32
		{7D69990A-D37E-477D-BD04-362E00AEFC9F}.Release|x64.ActiveCfg = Release|x64
		{7D69990A-D37E-477D-BD04-362E00AEFC9F}.Release|x64.Build.0 = Release|x64
		{FD4A5659-8328-4000-904B-E50BCB5E08BD}.Debug|ARM.ActiveCfg = Debug|ARM
		{FD4A5659-8328-4000-904B-E50BCB5E08BD}.Debug|ARM.Build.0 = Debug|ARM
		{FD4A5659-8328-4000-904B-E50BCB5E08BD}.Debug|Win32.ActiveCfg = Debug|Win32
		{FD4A5659-8328-4000-904B-E50BCB5E08BD}.Debug|Win32.Build.0 = Debug|Win32
		{FD4A5659-8328-4000-904B-E50BCB5E08BD}.Debug|x64.ActiveCfg = Debug|Win32
		{FD4A5659-8328-4000-904B-E50BCB5E08BD}.Release|ARM.ActiveCfg = Release|ARM
		{FD4A5659-8328-4000-904B-E50BCB5E08BD}.Release|ARM.Build.0 = Release|ARM
		{FD4A5659-8328-4000-904B-E50BCB5E08BD}.Release|Win32.ActiveCfg = Release|Win32
		{FD4A5659-8328-4000-904B-E50BCB5E08BD}.Release|Win32.Build.0 = Release|Win32
		{FD4A5659-8328-4000-904B-E50BCB5E08BD}.Release|x64.ActiveCfg = Release|Win32
	EndGlobalSection
	GlobalSection(SolutionProperties) = preSolution
		HideSolutionNode = FALSE
	EndGlobalSection
	GlobalSection(NestedProjects) = preSolution
		{599707CB-7776-4970-AA42-33DEF7BEAC93} = {35EEFB02-513F-4B4F-8CEC-ADC5B068E22F}
		{7D69990A-D37E-477D-BD04-362E00AEFC9F} = {35EEFB02-513F-4B4F-8CEC-ADC5B068E22F}
		{FD4A5659-8328-4000-904B-E50BCB5E08BD} = {35EEFB02-513F-4B4F-8CEC-ADC5B068E22F}
	EndGlobalSection
EndGlobal
